
Microsoft Visual Studio Solution File, Format Version 12.00
# Visual Studio Version 17
VisualStudioVersion = 17.3.32901.215
MinimumVisualStudioVersion = 10.0.40219.1
Project("{FAE04EC0-301F-11D3-BF4B-00C04F79EFBC}") = "SRLAM7_kilencedikgyak", "SRLAM7_kilencedikgyak.csproj", "{09B72ED8-5715-49FD-B2D9-4BAF2D430D30}"
EndProject
Global
	GlobalSection(SolutionConfigurationPlatforms) = preSolution
		Debug|Any CPU = Debug|Any CPU
		Release|Any CPU = Release|Any CPU
	EndGlobalSection
	GlobalSection(ProjectConfigurationPlatforms) = postSolution
		{09B72ED8-5715-49FD-B2D9-4BAF2D430D30}.Debug|Any CPU.ActiveCfg = Debug|Any CPU
		{09B72ED8-5715-49FD-B2D9-4BAF2D430D30}.Debug|Any CPU.Build.0 = Debug|Any CPU
		{09B72ED8-5715-49FD-B2D9-4BAF2D430D30}.Release|Any CPU.ActiveCfg = Release|Any CPU
		{09B72ED8-5715-49FD-B2D9-4BAF2D430D30}.Release|Any CPU.Build.0 = Release|Any CPU
	EndGlobalSection
	GlobalSection(SolutionProperties) = preSolution
		HideSolutionNode = FALSE
	EndGlobalSection
	GlobalSection(ExtensibilityGlobals) = postSolution
		SolutionGuid = {EE49703B-2852-456B-9D4F-03F40205D3AE}
	EndGlobalSection
EndGlobal
