
Microsoft Visual Studio Solution File, Format Version 12.00
# Visual Studio Version 17
VisualStudioVersion = 17.3.32901.215
MinimumVisualStudioVersion = 10.0.40219.1
Project("{FAE04EC0-301F-11D3-BF4B-00C04F79EFBC}") = "IRF_negyedik_SRLAM7_2", "IRF_negyedik_SRLAM7_2.csproj", "{0A611996-E6F1-42A3-9AEF-5E9E679E0555}"
EndProject
Global
	GlobalSection(SolutionConfigurationPlatforms) = preSolution
		Debug|Any CPU = Debug|Any CPU
		Release|Any CPU = Release|Any CPU
	EndGlobalSection
	GlobalSection(ProjectConfigurationPlatforms) = postSolution
		{0A611996-E6F1-42A3-9AEF-5E9E679E0555}.Debug|Any CPU.ActiveCfg = Debug|Any CPU
		{0A611996-E6F1-42A3-9AEF-5E9E679E0555}.Debug|Any CPU.Build.0 = Debug|Any CPU
		{0A611996-E6F1-42A3-9AEF-5E9E679E0555}.Release|Any CPU.ActiveCfg = Release|Any CPU
		{0A611996-E6F1-42A3-9AEF-5E9E679E0555}.Release|Any CPU.Build.0 = Release|Any CPU
	EndGlobalSection
	GlobalSection(SolutionProperties) = preSolution
		HideSolutionNode = FALSE
	EndGlobalSection
	GlobalSection(ExtensibilityGlobals) = postSolution
		SolutionGuid = {1AC67B68-417D-4640-A6B2-15F22E0E6231}
	EndGlobalSection
EndGlobal
