
Microsoft Visual Studio Solution File, Format Version 12.00
# Visual Studio Version 17
VisualStudioVersion = 17.3.32901.215
MinimumVisualStudioVersion = 10.0.40219.1
Project("{FAE04EC0-301F-11D3-BF4B-00C04F79EFBC}") = "IRF_negyedik_SRLAM7", "IRF_negyedik_SRLAM7.csproj", "{7E1AF499-040A-4E59-A16B-0E73E42F0012}"
EndProject
Global
	GlobalSection(SolutionConfigurationPlatforms) = preSolution
		Debug|Any CPU = Debug|Any CPU
		Release|Any CPU = Release|Any CPU
	EndGlobalSection
	GlobalSection(ProjectConfigurationPlatforms) = postSolution
		{7E1AF499-040A-4E59-A16B-0E73E42F0012}.Debug|Any CPU.ActiveCfg = Debug|Any CPU
		{7E1AF499-040A-4E59-A16B-0E73E42F0012}.Debug|Any CPU.Build.0 = Debug|Any CPU
		{7E1AF499-040A-4E59-A16B-0E73E42F0012}.Release|Any CPU.ActiveCfg = Release|Any CPU
		{7E1AF499-040A-4E59-A16B-0E73E42F0012}.Release|Any CPU.Build.0 = Release|Any CPU
	EndGlobalSection
	GlobalSection(SolutionProperties) = preSolution
		HideSolutionNode = FALSE
	EndGlobalSection
	GlobalSection(ExtensibilityGlobals) = postSolution
		SolutionGuid = {38067040-EED2-4127-B520-5453B7EE1BDE}
	EndGlobalSection
EndGlobal
